
Microsoft Visual Studio Solution File, Format Version 12.00
# Visual Studio Version 16
VisualStudioVersion = 16.0.29009.5
MinimumVisualStudioVersion = 10.0.40219.1
Project("{2150E333-8FDC-42A3-9474-1A3956D46DE8}") = "Solution Items", "Solution Items", "{150BAAF4-77AA-443E-914E-D0588DEEF53B}"
	ProjectSection(SolutionItems) = preProject
		README.md = README.md
	EndProjectSection
EndProject
Project("{9A19103F-16F7-4668-BE54-9A1E7A4F7556}") = "SunOpal.Email", "SunOpal.Email\SunOpal.Email.csproj", "{ABB98DDD-5573-477B-85A6-423CDAEE8372}"
EndProject
Project("{9A19103F-16F7-4668-BE54-9A1E7A4F7556}") = "SunOpal.MicroCQRS.Command", "SunOpal.MicroCQRS.Command\SunOpal.MicroCQRS.Command.csproj", "{87BF9DEF-E286-40A1-8772-E0DB86C68892}"
EndProject
Project("{9A19103F-16F7-4668-BE54-9A1E7A4F7556}") = "SunOpal.MicroCQRS", "SunOpal.MicroCQRS\SunOpal.MicroCQRS.csproj", "{0B94038C-A7AA-42A6-89CF-7B0D4E8DC93D}"
EndProject
Project("{9A19103F-16F7-4668-BE54-9A1E7A4F7556}") = "SunOpal.DocumentStore", "SunOpal.DocumentStore\SunOpal.DocumentStore.csproj", "{A33CF3A4-4644-4069-B8F2-FA06957ACAF4}"
EndProject
Project("{9A19103F-16F7-4668-BE54-9A1E7A4F7556}") = "SunOpal.DocumentStore.Tests", "SunOpal.DocumentStore.Tests\SunOpal.DocumentStore.Tests.csproj", "{0AE802AF-328B-4D94-A848-A3202831D83A}"
EndProject
Project("{9A19103F-16F7-4668-BE54-9A1E7A4F7556}") = "SunOpal.MicroCQRS.Sagas", "SunOpal.MicroCQRS.Sagas\SunOpal.MicroCQRS.Sagas.csproj", "{50E66814-4E5C-425B-A560-D3B3AEDEFEF8}"
EndProject
Project("{FAE04EC0-301F-11D3-BF4B-00C04F79EFBC}") = "SunOpal.Email.Tests", "SunOpal.Email.Tests\SunOpal.Email.Tests.csproj", "{EFBD15B9-B663-4AD2-AFA4-67FA28AFDBA4}"
EndProject
Global
	GlobalSection(SolutionConfigurationPlatforms) = preSolution
		Debug|Any CPU = Debug|Any CPU
		Release|Any CPU = Release|Any CPU
	EndGlobalSection
	GlobalSection(ProjectConfigurationPlatforms) = postSolution
		{ABB98DDD-5573-477B-85A6-423CDAEE8372}.Debug|Any CPU.ActiveCfg = Debug|Any CPU
		{ABB98DDD-5573-477B-85A6-423CDAEE8372}.Debug|Any CPU.Build.0 = Debug|Any CPU
		{ABB98DDD-5573-477B-85A6-423CDAEE8372}.Release|Any CPU.ActiveCfg = Release|Any CPU
		{ABB98DDD-5573-477B-85A6-423CDAEE8372}.Release|Any CPU.Build.0 = Release|Any CPU
		{87BF9DEF-E286-40A1-8772-E0DB86C68892}.Debug|Any CPU.ActiveCfg = Debug|Any CPU
		{87BF9DEF-E286-40A1-8772-E0DB86C68892}.Debug|Any CPU.Build.0 = Debug|Any CPU
		{87BF9DEF-E286-40A1-8772-E0DB86C68892}.Release|Any CPU.ActiveCfg = Release|Any CPU
		{87BF9DEF-E286-40A1-8772-E0DB86C68892}.Release|Any CPU.Build.0 = Release|Any CPU
		{0B94038C-A7AA-42A6-89CF-7B0D4E8DC93D}.Debug|Any CPU.ActiveCfg = Debug|Any CPU
		{0B94038C-A7AA-42A6-89CF-7B0D4E8DC93D}.Debug|Any CPU.Build.0 = Debug|Any CPU
		{0B94038C-A7AA-42A6-89CF-7B0D4E8DC93D}.Release|Any CPU.ActiveCfg = Release|Any CPU
		{0B94038C-A7AA-42A6-89CF-7B0D4E8DC93D}.Release|Any CPU.Build.0 = Release|Any CPU
		{A33CF3A4-4644-4069-B8F2-FA06957ACAF4}.Debug|Any CPU.ActiveCfg = Debug|Any CPU
		{A33CF3A4-4644-4069-B8F2-FA06957ACAF4}.Debug|Any CPU.Build.0 = Debug|Any CPU
		{A33CF3A4-4644-4069-B8F2-FA06957ACAF4}.Release|Any CPU.ActiveCfg = Release|Any CPU
		{A33CF3A4-4644-4069-B8F2-FA06957ACAF4}.Release|Any CPU.Build.0 = Release|Any CPU
		{0AE802AF-328B-4D94-A848-A3202831D83A}.Debug|Any CPU.ActiveCfg = Debug|Any CPU
		{0AE802AF-328B-4D94-A848-A3202831D83A}.Debug|Any CPU.Build.0 = Debug|Any CPU
		{0AE802AF-328B-4D94-A848-A3202831D83A}.Release|Any CPU.ActiveCfg = Release|Any CPU
		{0AE802AF-328B-4D94-A848-A3202831D83A}.Release|Any CPU.Build.0 = Release|Any CPU
		{50E66814-4E5C-425B-A560-D3B3AEDEFEF8}.Debug|Any CPU.ActiveCfg = Debug|Any CPU
		{50E66814-4E5C-425B-A560-D3B3AEDEFEF8}.Debug|Any CPU.Build.0 = Debug|Any CPU
		{50E66814-4E5C-425B-A560-D3B3AEDEFEF8}.Release|Any CPU.ActiveCfg = Release|Any CPU
		{50E66814-4E5C-425B-A560-D3B3AEDEFEF8}.Release|Any CPU.Build.0 = Release|Any CPU
		{EFBD15B9-B663-4AD2-AFA4-67FA28AFDBA4}.Debug|Any CPU.ActiveCfg = Debug|Any CPU
		{EFBD15B9-B663-4AD2-AFA4-67FA28AFDBA4}.Debug|Any CPU.Build.0 = Debug|Any CPU
		{EFBD15B9-B663-4AD2-AFA4-67FA28AFDBA4}.Release|Any CPU.ActiveCfg = Release|Any CPU
		{EFBD15B9-B663-4AD2-AFA4-67FA28AFDBA4}.Release|Any CPU.Build.0 = Release|Any CPU
	EndGlobalSection
	GlobalSection(SolutionProperties) = preSolution
		HideSolutionNode = FALSE
	EndGlobalSection
	GlobalSection(ExtensibilityGlobals) = postSolution
		SolutionGuid = {D52EBAEE-8B62-48DC-AEA8-BDF27ABFF4EE}
	EndGlobalSection
EndGlobal
